// !$*UTF8*$!
{
	archiveVersion = 1;
	classes = {
	};
	objectVersion = 77;
	objects = {

/* Begin PBXBuildFile section */
		04056ADD2CCA13380041B608 /* Assets.xcassets in Resources */ = {isa = PBXBuildFile; fileRef = 04056ADC2CCA13380041B608 /* Assets.xcassets */; };
		04056B0A2CCA13960041B608 /* GameType.swift in Sources */ = {isa = PBXBuildFile; fileRef = 04056B082CCA13960041B608 /* GameType.swift */; };
		04056B0B2CCA13960041B608 /* GameContext.swift in Sources */ = {isa = PBXBuildFile; fileRef = 04056B062CCA13960041B608 /* GameContext.swift */; };
		04056B0C2CCA13960041B608 /* GameModeType.swift in Sources */ = {isa = PBXBuildFile; fileRef = 04056B072CCA13960041B608 /* GameModeType.swift */; };
		04056B0D2CCA13960041B608 /* Dependencies.swift in Sources */ = {isa = PBXBuildFile; fileRef = 04056B052CCA13960041B608 /* Dependencies.swift */; };
/* End PBXBuildFile section */

/* Begin PBXContainerItemProxy section */
		04056AE62CCA13390041B608 /* PBXContainerItemProxy */ = {
			isa = PBXContainerItemProxy;
			containerPortal = 04056ACD2CCA13370041B608 /* Project object */;
			proxyType = 1;
			remoteGlobalIDString = 04056AD42CCA13370041B608;
			remoteInfo = circle_snap;
		};
		04056AF02CCA13390041B608 /* PBXContainerItemProxy */ = {
			isa = PBXContainerItemProxy;
			containerPortal = 04056ACD2CCA13370041B608 /* Project object */;
			proxyType = 1;
			remoteGlobalIDString = 04056AD42CCA13370041B608;
			remoteInfo = circle_snap;
		};
/* End PBXContainerItemProxy section */

/* Begin PBXFileReference section */
		04056AD52CCA13370041B608 /* circle_snap.app */ = {isa = PBXFileReference; explicitFileType = wrapper.application; includeInIndex = 0; path = circle_snap.app; sourceTree = BUILT_PRODUCTS_DIR; };
		04056ADC2CCA13380041B608 /* Assets.xcassets */ = {isa = PBXFileReference; lastKnownFileType = folder.assetcatalog; path = Assets.xcassets; sourceTree = "<group>"; };
		04056AE52CCA13390041B608 /* circle_snapTests.xctest */ = {isa = PBXFileReference; explicitFileType = wrapper.cfbundle; includeInIndex = 0; path = circle_snapTests.xctest; sourceTree = BUILT_PRODUCTS_DIR; };
		04056AEF2CCA13390041B608 /* circle_snapUITests.xctest */ = {isa = PBXFileReference; explicitFileType = wrapper.cfbundle; includeInIndex = 0; path = circle_snapUITests.xctest; sourceTree = BUILT_PRODUCTS_DIR; };
		04056B052CCA13960041B608 /* Dependencies.swift */ = {isa = PBXFileReference; lastKnownFileType = sourcecode.swift; path = Dependencies.swift; sourceTree = "<group>"; };
		04056B062CCA13960041B608 /* GameContext.swift */ = {isa = PBXFileReference; lastKnownFileType = sourcecode.swift; path = GameContext.swift; sourceTree = "<group>"; };
		04056B072CCA13960041B608 /* GameModeType.swift */ = {isa = PBXFileReference; lastKnownFileType = sourcecode.swift; path = GameModeType.swift; sourceTree = "<group>"; };
		04056B082CCA13960041B608 /* GameType.swift */ = {isa = PBXFileReference; lastKnownFileType = sourcecode.swift; path = GameType.swift; sourceTree = "<group>"; };
		04056B0F2CCA159B0041B608 /* CSGameInfo.swift */ = {isa = PBXFileReference; lastKnownFileType = sourcecode.swift; path = CSGameInfo.swift; sourceTree = "<group>"; };
		04056B102CCA15AE0041B608 /* CSLayoutInfo.swift */ = {isa = PBXFileReference; lastKnownFileType = sourcecode.swift; path = CSLayoutInfo.swift; sourceTree = "<group>"; };
		04056B142CCA15EB0041B608 /* CSBoxNode.swift */ = {isa = PBXFileReference; lastKnownFileType = sourcecode.swift; path = CSBoxNode.swift; sourceTree = "<group>"; };
		04056B172CCA16180041B608 /* CSGameIdleState.swift */ = {isa = PBXFileReference; lastKnownFileType = sourcecode.swift; path = CSGameIdleState.swift; sourceTree = "<group>"; };
		04056B182CCA16340041B608 /* CSGameContext.swift */ = {isa = PBXFileReference; lastKnownFileType = sourcecode.swift; path = CSGameContext.swift; sourceTree = "<group>"; };
		04056B192CCA17C30041B608 /* CSGameScene.swift */ = {isa = PBXFileReference; lastKnownFileType = sourcecode.swift; path = CSGameScene.swift; sourceTree = "<group>"; };
/* End PBXFileReference section */

/* Begin PBXFileSystemSynchronizedRootGroup section */
		04056AD72CCA13370041B608 /* circle_snap */ = {
			isa = PBXFileSystemSynchronizedRootGroup;
			path = circle_snap;
			sourceTree = "<group>";
		};
		04056AE82CCA13390041B608 /* circle_snapTests */ = {
			isa = PBXFileSystemSynchronizedRootGroup;
			path = circle_snapTests;
			sourceTree = "<group>";
		};
		04056AF22CCA13390041B608 /* circle_snapUITests */ = {
			isa = PBXFileSystemSynchronizedRootGroup;
			path = circle_snapUITests;
			sourceTree = "<group>";
		};
/* End PBXFileSystemSynchronizedRootGroup section */

/* Begin PBXFrameworksBuildPhase section */
		04056AD22CCA13370041B608 /* Frameworks */ = {
			isa = PBXFrameworksBuildPhase;
			buildActionMask = 2147483647;
			files = (
			);
			runOnlyForDeploymentPostprocessing = 0;
		};
		04056AE22CCA13390041B608 /* Frameworks */ = {
			isa = PBXFrameworksBuildPhase;
			buildActionMask = 2147483647;
			files = (
			);
			runOnlyForDeploymentPostprocessing = 0;
		};
		04056AEC2CCA13390041B608 /* Frameworks */ = {
			isa = PBXFrameworksBuildPhase;
			buildActionMask = 2147483647;
			files = (
			);
			runOnlyForDeploymentPostprocessing = 0;
		};
/* End PBXFrameworksBuildPhase section */

/* Begin PBXGroup section */
		04056ACC2CCA13370041B608 = {
			isa = PBXGroup;
			children = (
				04056B032CCA136B0041B608 /* Assets */,
				04056B022CCA13650041B608 /* Code */,
				04056AD62CCA13370041B608 /* Products */,
				04056B092CCA13960041B608 /* Base */,
				04056AD72CCA13370041B608 /* circle_snap */,
				04056AE82CCA13390041B608 /* circle_snapTests */,
				04056AF22CCA13390041B608 /* circle_snapUITests */,
			);
			sourceTree = "<group>";
		};
		04056AD62CCA13370041B608 /* Products */ = {
			isa = PBXGroup;
			children = (
				04056AD52CCA13370041B608 /* circle_snap.app */,
				04056AE52CCA13390041B608 /* circle_snapTests.xctest */,
				04056AEF2CCA13390041B608 /* circle_snapUITests.xctest */,
			);
			name = Products;
			sourceTree = "<group>";
		};
		04056B022CCA13650041B608 /* Code */ = {
			isa = PBXGroup;
			children = (
				04056B192CCA17C30041B608 /* CSGameScene.swift */,
				04056B182CCA16340041B608 /* CSGameContext.swift */,
				04056B152CCA15FC0041B608 /* States */,
				04056B132CCA15DC0041B608 /* Nodes */,
				04056B122CCA15D50041B608 /* Models */,
				04056B0E2CCA15920041B608 /* Helpers */,
			);
			path = Code;
			sourceTree = "<group>";
		};
		04056B032CCA136B0041B608 /* Assets */ = {
			isa = PBXGroup;
			children = (
				04056ADC2CCA13380041B608 /* Assets.xcassets */,
			);
			path = Assets;
			sourceTree = "<group>";
		};
		04056B092CCA13960041B608 /* Base */ = {
			isa = PBXGroup;
			children = (
				04056B052CCA13960041B608 /* Dependencies.swift */,
				04056B062CCA13960041B608 /* GameContext.swift */,
				04056B072CCA13960041B608 /* GameModeType.swift */,
				04056B082CCA13960041B608 /* GameType.swift */,
			);
			path = Base;
			sourceTree = "<group>";
		};
		04056B0E2CCA15920041B608 /* Helpers */ = {
			isa = PBXGroup;
			children = (
				04056B102CCA15AE0041B608 /* CSLayoutInfo.swift */,
				04056B0F2CCA159B0041B608 /* CSGameInfo.swift */,
			);
			path = Helpers;
			sourceTree = "<group>";
		};
		04056B122CCA15D50041B608 /* Models */ = {
			isa = PBXGroup;
			children = (
			);
			path = Models;
			sourceTree = "<group>";
		};
		04056B132CCA15DC0041B608 /* Nodes */ = {
			isa = PBXGroup;
			children = (
				04056B142CCA15EB0041B608 /* CSBoxNode.swift */,
			);
			path = Nodes;
			sourceTree = "<group>";
		};
		04056B152CCA15FC0041B608 /* States */ = {
			isa = PBXGroup;
			children = (
				04056B172CCA16180041B608 /* CSGameIdleState.swift */,
			);
			path = States;
			sourceTree = "<group>";
		};
/* End PBXGroup section */

/* Begin PBXNativeTarget section */
		04056AD42CCA13370041B608 /* circle_snap */ = {
			isa = PBXNativeTarget;
			buildConfigurationList = 04056AF92CCA13390041B608 /* Build configuration list for PBXNativeTarget "circle_snap" */;
			buildPhases = (
				04056AD12CCA13370041B608 /* Sources */,
				04056AD22CCA13370041B608 /* Frameworks */,
				04056AD32CCA13370041B608 /* Resources */,
			);
			buildRules = (
			);
			dependencies = (
			);
			fileSystemSynchronizedGroups = (
				04056AD72CCA13370041B608 /* circle_snap */,
			);
			name = circle_snap;
			packageProductDependencies = (
			);
			productName = circle_snap;
			productReference = 04056AD52CCA13370041B608 /* circle_snap.app */;
			productType = "com.apple.product-type.application";
		};
		04056AE42CCA13390041B608 /* circle_snapTests */ = {
			isa = PBXNativeTarget;
			buildConfigurationList = 04056AFC2CCA13390041B608 /* Build configuration list for PBXNativeTarget "circle_snapTests" */;
			buildPhases = (
				04056AE12CCA13390041B608 /* Sources */,
				04056AE22CCA13390041B608 /* Frameworks */,
				04056AE32CCA13390041B608 /* Resources */,
			);
			buildRules = (
			);
			dependencies = (
				04056AE72CCA13390041B608 /* PBXTargetDependency */,
			);
			fileSystemSynchronizedGroups = (
				04056AE82CCA13390041B608 /* circle_snapTests */,
			);
			name = circle_snapTests;
			packageProductDependencies = (
			);
			productName = circle_snapTests;
			productReference = 04056AE52CCA13390041B608 /* circle_snapTests.xctest */;
			productType = "com.apple.product-type.bundle.unit-test";
		};
		04056AEE2CCA13390041B608 /* circle_snapUITests */ = {
			isa = PBXNativeTarget;
			buildConfigurationList = 04056AFF2CCA13390041B608 /* Build configuration list for PBXNativeTarget "circle_snapUITests" */;
			buildPhases = (
				04056AEB2CCA13390041B608 /* Sources */,
				04056AEC2CCA13390041B608 /* Frameworks */,
				04056AED2CCA13390041B608 /* Resources */,
			);
			buildRules = (
			);
			dependencies = (
				04056AF12CCA13390041B608 /* PBXTargetDependency */,
			);
			fileSystemSynchronizedGroups = (
				04056AF22CCA13390041B608 /* circle_snapUITests */,
			);
			name = circle_snapUITests;
			packageProductDependencies = (
			);
			productName = circle_snapUITests;
			productReference = 04056AEF2CCA13390041B608 /* circle_snapUITests.xctest */;
			productType = "com.apple.product-type.bundle.ui-testing";
		};
/* End PBXNativeTarget section */

/* Begin PBXProject section */
		04056ACD2CCA13370041B608 /* Project object */ = {
			isa = PBXProject;
			attributes = {
				BuildIndependentTargetsInParallel = 1;
				LastSwiftUpdateCheck = 1600;
				LastUpgradeCheck = 1600;
				TargetAttributes = {
					04056AD42CCA13370041B608 = {
						CreatedOnToolsVersion = 16.0;
					};
					04056AE42CCA13390041B608 = {
						CreatedOnToolsVersion = 16.0;
						TestTargetID = 04056AD42CCA13370041B608;
					};
					04056AEE2CCA13390041B608 = {
						CreatedOnToolsVersion = 16.0;
						TestTargetID = 04056AD42CCA13370041B608;
					};
				};
			};
			buildConfigurationList = 04056AD02CCA13370041B608 /* Build configuration list for PBXProject "circle_snap" */;
			developmentRegion = en;
			hasScannedForEncodings = 0;
			knownRegions = (
				en,
				Base,
			);
			mainGroup = 04056ACC2CCA13370041B608;
			minimizedProjectReferenceProxies = 1;
			preferredProjectObjectVersion = 77;
			productRefGroup = 04056AD62CCA13370041B608 /* Products */;
			projectDirPath = "";
			projectRoot = "";
			targets = (
				04056AD42CCA13370041B608 /* circle_snap */,
				04056AE42CCA13390041B608 /* circle_snapTests */,
				04056AEE2CCA13390041B608 /* circle_snapUITests */,
			);
		};
/* End PBXProject section */

/* Begin PBXResourcesBuildPhase section */
		04056AD32CCA13370041B608 /* Resources */ = {
			isa = PBXResourcesBuildPhase;
			buildActionMask = 2147483647;
			files = (
				04056ADD2CCA13380041B608 /* Assets.xcassets in Resources */,
			);
			runOnlyForDeploymentPostprocessing = 0;
		};
		04056AE32CCA13390041B608 /* Resources */ = {
			isa = PBXResourcesBuildPhase;
			buildActionMask = 2147483647;
			files = (
			);
			runOnlyForDeploymentPostprocessing = 0;
		};
		04056AED2CCA13390041B608 /* Resources */ = {
			isa = PBXResourcesBuildPhase;
			buildActionMask = 2147483647;
			files = (
			);
			runOnlyForDeploymentPostprocessing = 0;
		};
/* End PBXResourcesBuildPhase section */

/* Begin PBXSourcesBuildPhase section */
		04056AD12CCA13370041B608 /* Sources */ = {
			isa = PBXSourcesBuildPhase;
			buildActionMask = 2147483647;
			files = (
				04056B0A2CCA13960041B608 /* GameType.swift in Sources */,
				04056B0B2CCA13960041B608 /* GameContext.swift in Sources */,
				04056B0C2CCA13960041B608 /* GameModeType.swift in Sources */,
				04056B0D2CCA13960041B608 /* Dependencies.swift in Sources */,
			);
			runOnlyForDeploymentPostprocessing = 0;
		};
		04056AE12CCA13390041B608 /* Sources */ = {
			isa = PBXSourcesBuildPhase;
			buildActionMask = 2147483647;
			files = (
			);
			runOnlyForDeploymentPostprocessing = 0;
		};
		04056AEB2CCA13390041B608 /* Sources */ = {
			isa = PBXSourcesBuildPhase;
			buildActionMask = 2147483647;
			files = (
			);
			runOnlyForDeploymentPostprocessing = 0;
		};
/* End PBXSourcesBuildPhase section */

/* Begin PBXTargetDependency section */
		04056AE72CCA13390041B608 /* PBXTargetDependency */ = {
			isa = PBXTargetDependency;
			target = 04056AD42CCA13370041B608 /* circle_snap */;
			targetProxy = 04056AE62CCA13390041B608 /* PBXContainerItemProxy */;
		};
		04056AF12CCA13390041B608 /* PBXTargetDependency */ = {
			isa = PBXTargetDependency;
			target = 04056AD42CCA13370041B608 /* circle_snap */;
			targetProxy = 04056AF02CCA13390041B608 /* PBXContainerItemProxy */;
		};
/* End PBXTargetDependency section */

/* Begin XCBuildConfiguration section */
		04056AF72CCA13390041B608 /* Debug */ = {
			isa = XCBuildConfiguration;
			buildSettings = {
				ALWAYS_SEARCH_USER_PATHS = NO;
				ASSETCATALOG_COMPILER_GENERATE_SWIFT_ASSET_SYMBOL_EXTENSIONS = YES;
				CLANG_ANALYZER_NONNULL = YES;
				CLANG_ANALYZER_NUMBER_OBJECT_CONVERSION = YES_AGGRESSIVE;
				CLANG_CXX_LANGUAGE_STANDARD = "gnu++20";
				CLANG_ENABLE_MODULES = YES;
				CLANG_ENABLE_OBJC_ARC = YES;
				CLANG_ENABLE_OBJC_WEAK = YES;
				CLANG_WARN_BLOCK_CAPTURE_AUTORELEASING = YES;
				CLANG_WARN_BOOL_CONVERSION = YES;
				CLANG_WARN_COMMA = YES;
				CLANG_WARN_CONSTANT_CONVERSION = YES;
				CLANG_WARN_DEPRECATED_OBJC_IMPLEMENTATIONS = YES;
				CLANG_WARN_DIRECT_OBJC_ISA_USAGE = YES_ERROR;
				CLANG_WARN_DOCUMENTATION_COMMENTS = YES;
				CLANG_WARN_EMPTY_BODY = YES;
				CLANG_WARN_ENUM_CONVERSION = YES;
				CLANG_WARN_INFINITE_RECURSION = YES;
				CLANG_WARN_INT_CONVERSION = YES;
				CLANG_WARN_NON_LITERAL_NULL_CONVERSION = YES;
				CLANG_WARN_OBJC_IMPLICIT_RETAIN_SELF = YES;
				CLANG_WARN_OBJC_LITERAL_CONVERSION = YES;
				CLANG_WARN_OBJC_ROOT_CLASS = YES_ERROR;
				CLANG_WARN_QUOTED_INCLUDE_IN_FRAMEWORK_HEADER = YES;
				CLANG_WARN_RANGE_LOOP_ANALYSIS = YES;
				CLANG_WARN_STRICT_PROTOTYPES = YES;
				CLANG_WARN_SUSPICIOUS_MOVE = YES;
				CLANG_WARN_UNGUARDED_AVAILABILITY = YES_AGGRESSIVE;
				CLANG_WARN_UNREACHABLE_CODE = YES;
				CLANG_WARN__DUPLICATE_METHOD_MATCH = YES;
				COPY_PHASE_STRIP = NO;
				DEBUG_INFORMATION_FORMAT = dwarf;
				ENABLE_STRICT_OBJC_MSGSEND = YES;
				ENABLE_TESTABILITY = YES;
				ENABLE_USER_SCRIPT_SANDBOXING = YES;
				GCC_C_LANGUAGE_STANDARD = gnu17;
				GCC_DYNAMIC_NO_PIC = NO;
				GCC_NO_COMMON_BLOCKS = YES;
				GCC_OPTIMIZATION_LEVEL = 0;
				GCC_PREPROCESSOR_DEFINITIONS = (
					"DEBUG=1",
					"$(inherited)",
				);
				GCC_WARN_64_TO_32_BIT_CONVERSION = YES;
				GCC_WARN_ABOUT_RETURN_TYPE = YES_ERROR;
				GCC_WARN_UNDECLARED_SELECTOR = YES;
				GCC_WARN_UNINITIALIZED_AUTOS = YES_AGGRESSIVE;
				GCC_WARN_UNUSED_FUNCTION = YES;
				GCC_WARN_UNUSED_VARIABLE = YES;
				IPHONEOS_DEPLOYMENT_TARGET = 18.0;
				LOCALIZATION_PREFERS_STRING_CATALOGS = YES;
				MTL_ENABLE_DEBUG_INFO = INCLUDE_SOURCE;
				MTL_FAST_MATH = YES;
				ONLY_ACTIVE_ARCH = YES;
				SDKROOT = iphoneos;
				SWIFT_ACTIVE_COMPILATION_CONDITIONS = "DEBUG $(inherited)";
				SWIFT_OPTIMIZATION_LEVEL = "-Onone";
			};
			name = Debug;
		};
		04056AF82CCA13390041B608 /* Release */ = {
			isa = XCBuildConfiguration;
			buildSettings = {
				ALWAYS_SEARCH_USER_PATHS = NO;
				ASSETCATALOG_COMPILER_GENERATE_SWIFT_ASSET_SYMBOL_EXTENSIONS = YES;
				CLANG_ANALYZER_NONNULL = YES;
				CLANG_ANALYZER_NUMBER_OBJECT_CONVERSION = YES_AGGRESSIVE;
				CLANG_CXX_LANGUAGE_STANDARD = "gnu++20";
				CLANG_ENABLE_MODULES = YES;
				CLANG_ENABLE_OBJC_ARC = YES;
				CLANG_ENABLE_OBJC_WEAK = YES;
				CLANG_WARN_BLOCK_CAPTURE_AUTORELEASING = YES;
				CLANG_WARN_BOOL_CONVERSION = YES;
				CLANG_WARN_COMMA = YES;
				CLANG_WARN_CONSTANT_CONVERSION = YES;
				CLANG_WARN_DEPRECATED_OBJC_IMPLEMENTATIONS = YES;
				CLANG_WARN_DIRECT_OBJC_ISA_USAGE = YES_ERROR;
				CLANG_WARN_DOCUMENTATION_COMMENTS = YES;
				CLANG_WARN_EMPTY_BODY = YES;
				CLANG_WARN_ENUM_CONVERSION = YES;
				CLANG_WARN_INFINITE_RECURSION = YES;
				CLANG_WARN_INT_CONVERSION = YES;
				CLANG_WARN_NON_LITERAL_NULL_CONVERSION = YES;
				CLANG_WARN_OBJC_IMPLICIT_RETAIN_SELF = YES;
				CLANG_WARN_OBJC_LITERAL_CONVERSION = YES;
				CLANG_WARN_OBJC_ROOT_CLASS = YES_ERROR;
				CLANG_WARN_QUOTED_INCLUDE_IN_FRAMEWORK_HEADER = YES;
				CLANG_WARN_RANGE_LOOP_ANALYSIS = YES;
				CLANG_WARN_STRICT_PROTOTYPES = YES;
				CLANG_WARN_SUSPICIOUS_MOVE = YES;
				CLANG_WARN_UNGUARDED_AVAILABILITY = YES_AGGRESSIVE;
				CLANG_WARN_UNREACHABLE_CODE = YES;
				CLANG_WARN__DUPLICATE_METHOD_MATCH = YES;
				COPY_PHASE_STRIP = NO;
				DEBUG_INFORMATION_FORMAT = "dwarf-with-dsym";
				ENABLE_NS_ASSERTIONS = NO;
				ENABLE_STRICT_OBJC_MSGSEND = YES;
				ENABLE_USER_SCRIPT_SANDBOXING = YES;
				GCC_C_LANGUAGE_STANDARD = gnu17;
				GCC_NO_COMMON_BLOCKS = YES;
				GCC_WARN_64_TO_32_BIT_CONVERSION = YES;
				GCC_WARN_ABOUT_RETURN_TYPE = YES_ERROR;
				GCC_WARN_UNDECLARED_SELECTOR = YES;
				GCC_WARN_UNINITIALIZED_AUTOS = YES_AGGRESSIVE;
				GCC_WARN_UNUSED_FUNCTION = YES;
				GCC_WARN_UNUSED_VARIABLE = YES;
				IPHONEOS_DEPLOYMENT_TARGET = 18.0;
				LOCALIZATION_PREFERS_STRING_CATALOGS = YES;
				MTL_ENABLE_DEBUG_INFO = NO;
				MTL_FAST_MATH = YES;
				SDKROOT = iphoneos;
				SWIFT_COMPILATION_MODE = wholemodule;
				VALIDATE_PRODUCT = YES;
			};
			name = Release;
		};
		04056AFA2CCA13390041B608 /* Debug */ = {
			isa = XCBuildConfiguration;
			buildSettings = {
				ASSETCATALOG_COMPILER_APPICON_NAME = AppIcon;
				ASSETCATALOG_COMPILER_GLOBAL_ACCENT_COLOR_NAME = AccentColor;
				CODE_SIGN_STYLE = Automatic;
				CURRENT_PROJECT_VERSION = 1;
				DEVELOPMENT_ASSET_PATHS = "\"circle_snap/Preview Content\"";
				ENABLE_PREVIEWS = YES;
				GENERATE_INFOPLIST_FILE = YES;
				INFOPLIST_KEY_UIApplicationSceneManifest_Generation = YES;
				INFOPLIST_KEY_UIApplicationSupportsIndirectInputEvents = YES;
				INFOPLIST_KEY_UILaunchScreen_Generation = YES;
				INFOPLIST_KEY_UISupportedInterfaceOrientations_iPad = "UIInterfaceOrientationPortrait UIInterfaceOrientationPortraitUpsideDown UIInterfaceOrientationLandscapeLeft UIInterfaceOrientationLandscapeRight";
				INFOPLIST_KEY_UISupportedInterfaceOrientations_iPhone = "UIInterfaceOrientationPortrait UIInterfaceOrientationLandscapeLeft UIInterfaceOrientationLandscapeRight";
				LD_RUNPATH_SEARCH_PATHS = (
					"$(inherited)",
					"@executable_path/Frameworks",
				);
				MARKETING_VERSION = 1.0;
				PRODUCT_BUNDLE_IDENTIFIER = "com.hyel.circle-snap.circle-snap";
				PRODUCT_NAME = "$(TARGET_NAME)";
				SWIFT_EMIT_LOC_STRINGS = YES;
				SWIFT_VERSION = 5.0;
				TARGETED_DEVICE_FAMILY = "1,2";
			};
			name = Debug;
		};
		04056AFB2CCA13390041B608 /* Release */ = {
			isa = XCBuildConfiguration;
			buildSettings = {
				ASSETCATALOG_COMPILER_APPICON_NAME = AppIcon;
				ASSETCATALOG_COMPILER_GLOBAL_ACCENT_COLOR_NAME = AccentColor;
				CODE_SIGN_STYLE = Automatic;
				CURRENT_PROJECT_VERSION = 1;
				DEVELOPMENT_ASSET_PATHS = "\"circle_snap/Preview Content\"";
				ENABLE_PREVIEWS = YES;
				GENERATE_INFOPLIST_FILE = YES;
				INFOPLIST_KEY_UIApplicationSceneManifest_Generation = YES;
				INFOPLIST_KEY_UIApplicationSupportsIndirectInputEvents = YES;
				INFOPLIST_KEY_UILaunchScreen_Generation = YES;
				INFOPLIST_KEY_UISupportedInterfaceOrientations_iPad = "UIInterfaceOrientationPortrait UIInterfaceOrientationPortraitUpsideDown UIInterfaceOrientationLandscapeLeft UIInterfaceOrientationLandscapeRight";
				INFOPLIST_KEY_UISupportedInterfaceOrientations_iPhone = "UIInterfaceOrientationPortrait UIInterfaceOrientationLandscapeLeft UIInterfaceOrientationLandscapeRight";
				LD_RUNPATH_SEARCH_PATHS = (
					"$(inherited)",
					"@executable_path/Frameworks",
				);
				MARKETING_VERSION = 1.0;
				PRODUCT_BUNDLE_IDENTIFIER = "com.hyel.circle-snap.circle-snap";
				PRODUCT_NAME = "$(TARGET_NAME)";
				SWIFT_EMIT_LOC_STRINGS = YES;
				SWIFT_VERSION = 5.0;
				TARGETED_DEVICE_FAMILY = "1,2";
			};
			name = Release;
		};
		04056AFD2CCA13390041B608 /* Debug */ = {
			isa = XCBuildConfiguration;
			buildSettings = {
				BUNDLE_LOADER = "$(TEST_HOST)";
				CODE_SIGN_STYLE = Automatic;
				CURRENT_PROJECT_VERSION = 1;
				GENERATE_INFOPLIST_FILE = YES;
				IPHONEOS_DEPLOYMENT_TARGET = 18.0;
				MARKETING_VERSION = 1.0;
				PRODUCT_BUNDLE_IDENTIFIER = "com.hyel.circle-snap.circle-snapTests";
				PRODUCT_NAME = "$(TARGET_NAME)";
				SWIFT_EMIT_LOC_STRINGS = NO;
				SWIFT_VERSION = 5.0;
				TARGETED_DEVICE_FAMILY = "1,2";
				TEST_HOST = "$(BUILT_PRODUCTS_DIR)/circle_snap.app/$(BUNDLE_EXECUTABLE_FOLDER_PATH)/circle_snap";
			};
			name = Debug;
		};
		04056AFE2CCA13390041B608 /* Release */ = {
			isa = XCBuildConfiguration;
			buildSettings = {
				BUNDLE_LOADER = "$(TEST_HOST)";
				CODE_SIGN_STYLE = Automatic;
				CURRENT_PROJECT_VERSION = 1;
				GENERATE_INFOPLIST_FILE = YES;
				IPHONEOS_DEPLOYMENT_TARGET = 18.0;
				MARKETING_VERSION = 1.0;
				PRODUCT_BUNDLE_IDENTIFIER = "com.hyel.circle-snap.circle-snapTests";
				PRODUCT_NAME = "$(TARGET_NAME)";
				SWIFT_EMIT_LOC_STRINGS = NO;
				SWIFT_VERSION = 5.0;
				TARGETED_DEVICE_FAMILY = "1,2";
				TEST_HOST = "$(BUILT_PRODUCTS_DIR)/circle_snap.app/$(BUNDLE_EXECUTABLE_FOLDER_PATH)/circle_snap";
			};
			name = Release;
		};
		04056B002CCA13390041B608 /* Debug */ = {
			isa = XCBuildConfiguration;
			buildSettings = {
				CODE_SIGN_STYLE = Automatic;
				CURRENT_PROJECT_VERSION = 1;
				GENERATE_INFOPLIST_FILE = YES;
				MARKETING_VERSION = 1.0;
				PRODUCT_BUNDLE_IDENTIFIER = "com.hyel.circle-snap.circle-snapUITests";
				PRODUCT_NAME = "$(TARGET_NAME)";
				SWIFT_EMIT_LOC_STRINGS = NO;
				SWIFT_VERSION = 5.0;
				TARGETED_DEVICE_FAMILY = "1,2";
				TEST_TARGET_NAME = circle_snap;
			};
			name = Debug;
		};
		04056B012CCA13390041B608 /* Release */ = {
			isa = XCBuildConfiguration;
			buildSettings = {
				CODE_SIGN_STYLE = Automatic;
				CURRENT_PROJECT_VERSION = 1;
				GENERATE_INFOPLIST_FILE = YES;
				MARKETING_VERSION = 1.0;
				PRODUCT_BUNDLE_IDENTIFIER = "com.hyel.circle-snap.circle-snapUITests";
				PRODUCT_NAME = "$(TARGET_NAME)";
				SWIFT_EMIT_LOC_STRINGS = NO;
				SWIFT_VERSION = 5.0;
				TARGETED_DEVICE_FAMILY = "1,2";
				TEST_TARGET_NAME = circle_snap;
			};
			name = Release;
		};
/* End XCBuildConfiguration section */

/* Begin XCConfigurationList section */
		04056AD02CCA13370041B608 /* Build configuration list for PBXProject "circle_snap" */ = {
			isa = XCConfigurationList;
			buildConfigurations = (
				04056AF72CCA13390041B608 /* Debug */,
				04056AF82CCA13390041B608 /* Release */,
			);
			defaultConfigurationIsVisible = 0;
			defaultConfigurationName = Release;
		};
		04056AF92CCA13390041B608 /* Build configuration list for PBXNativeTarget "circle_snap" */ = {
			isa = XCConfigurationList;
			buildConfigurations = (
				04056AFA2CCA13390041B608 /* Debug */,
				04056AFB2CCA13390041B608 /* Release */,
			);
			defaultConfigurationIsVisible = 0;
			defaultConfigurationName = Release;
		};
		04056AFC2CCA13390041B608 /* Build configuration list for PBXNativeTarget "circle_snapTests" */ = {
			isa = XCConfigurationList;
			buildConfigurations = (
				04056AFD2CCA13390041B608 /* Debug */,
				04056AFE2CCA13390041B608 /* Release */,
			);
			defaultConfigurationIsVisible = 0;
			defaultConfigurationName = Release;
		};
		04056AFF2CCA13390041B608 /* Build configuration list for PBXNativeTarget "circle_snapUITests" */ = {
			isa = XCConfigurationList;
			buildConfigurations = (
				04056B002CCA13390041B608 /* Debug */,
				04056B012CCA13390041B608 /* Release */,
			);
			defaultConfigurationIsVisible = 0;
			defaultConfigurationName = Release;
		};
/* End XCConfigurationList section */
	};
	rootObject = 04056ACD2CCA13370041B608 /* Project object */;
}
